
Microsoft Visual Studio Solution File, Format Version 12.00
# Visual Studio Version 17
VisualStudioVersion = 17.6.33717.318
MinimumVisualStudioVersion = 10.0.40219.1
Project("{9A19103F-16F7-4668-BE54-9A1E7A4F7556}") = "NazcaWeb", "NazcaWeb.csproj", "{76EC4BF5-C911-4C60-8329-D758EE87739A}"
EndProject
Global
	GlobalSection(SolutionConfigurationPlatforms) = preSolution
		Debug|Any CPU = Debug|Any CPU
		Release|Any CPU = Release|Any CPU
	EndGlobalSection
	GlobalSection(ProjectConfigurationPlatforms) = postSolution
		{76EC4BF5-C911-4C60-8329-D758EE87739A}.Debug|Any CPU.ActiveCfg = Debug|Any CPU
		{76EC4BF5-C911-4C60-8329-D758EE87739A}.Debug|Any CPU.Build.0 = Debug|Any CPU
		{76EC4BF5-C911-4C60-8329-D758EE87739A}.Release|Any CPU.ActiveCfg = Release|Any CPU
		{76EC4BF5-C911-4C60-8329-D758EE87739A}.Release|Any CPU.Build.0 = Release|Any CPU
	EndGlobalSection
	GlobalSection(SolutionProperties) = preSolution
		HideSolutionNode = FALSE
	EndGlobalSection
	GlobalSection(ExtensibilityGlobals) = postSolution
		SolutionGuid = {1F0CE1A1-D046-4310-8747-B5B6F9C7ED15}
	EndGlobalSection
EndGlobal
